// !$*UTF8*$!
{
	archiveVersion = 1;
	classes = {
	};
	objectVersion = 46;
	objects = {

/* Begin PBXBuildFile section */
		256457571C3392E1009FAD8C /* MenuController.swift in Sources */ = {isa = PBXBuildFile; fileRef = 256457561C3392E1009FAD8C /* MenuController.swift */; };
		25775A991C4B17C40036A759 /* SWRevealViewController.m in Sources */ = {isa = PBXBuildFile; fileRef = 25775A981C4B17C40036A759 /* SWRevealViewController.m */; };
		25994FC21C44C56500D30030 /* Assets.xcassets in Resources */ = {isa = PBXBuildFile; fileRef = 25994FC11C44C56500D30030 /* Assets.xcassets */; };
		25A6B36F1C38BEB800776123 /* HomeTableViewController.swift in Sources */ = {isa = PBXBuildFile; fileRef = 25A6B36E1C38BEB800776123 /* HomeTableViewController.swift */; };
		25A6B3711C38C8AA00776123 /* MenuTableViewController.swift in Sources */ = {isa = PBXBuildFile; fileRef = 25A6B3701C38C8AA00776123 /* MenuTableViewController.swift */; };
		25B598DE1C307BDC00A11412 /* AppDelegate.swift in Sources */ = {isa = PBXBuildFile; fileRef = 25B598DD1C307BDC00A11412 /* AppDelegate.swift */; };
		25B598E01C307BDC00A11412 /* ViewController.swift in Sources */ = {isa = PBXBuildFile; fileRef = 25B598DF1C307BDC00A11412 /* ViewController.swift */; };
		25B598E31C307BDC00A11412 /* Main.storyboard in Resources */ = {isa = PBXBuildFile; fileRef = 25B598E11C307BDC00A11412 /* Main.storyboard */; };
		25B598E81C307BDC00A11412 /* LaunchScreen.storyboard in Resources */ = {isa = PBXBuildFile; fileRef = 25B598E61C307BDC00A11412 /* LaunchScreen.storyboard */; };
		25B598F31C307BE300A11412 /* SeedsInTheConcreteTests.swift in Sources */ = {isa = PBXBuildFile; fileRef = 25B598F21C307BE300A11412 /* SeedsInTheConcreteTests.swift */; };
		25B598FE1C307BE800A11412 /* SeedsInTheConcreteUITests.swift in Sources */ = {isa = PBXBuildFile; fileRef = 25B598FD1C307BE800A11412 /* SeedsInTheConcreteUITests.swift */; };
		25B5990C1C30BD7900A11412 /* SignUpViewController.swift in Sources */ = {isa = PBXBuildFile; fileRef = 25B5990B1C30BD7900A11412 /* SignUpViewController.swift */; };
		25B5990E1C30BD8800A11412 /* LogInViewController.swift in Sources */ = {isa = PBXBuildFile; fileRef = 25B5990D1C30BD8800A11412 /* LogInViewController.swift */; };
		25B599501C30D71E00A11412 /* PageContentViewController.swift in Sources */ = {isa = PBXBuildFile; fileRef = 25B5994F1C30D71E00A11412 /* PageContentViewController.swift */; };
		25B599521C30EE4D00A11412 /* PageViewController.swift in Sources */ = {isa = PBXBuildFile; fileRef = 25B599511C30EE4D00A11412 /* PageViewController.swift */; };
		25B599541C30F5AE00A11412 /* RestaurantTableViewController.swift in Sources */ = {isa = PBXBuildFile; fileRef = 25B599531C30F5AE00A11412 /* RestaurantTableViewController.swift */; };
/* End PBXBuildFile section */

/* Begin PBXContainerItemProxy section */
		25B598EF1C307BE300A11412 /* PBXContainerItemProxy */ = {
			isa = PBXContainerItemProxy;
			containerPortal = 25B598D21C307BDC00A11412 /* Project object */;
			proxyType = 1;
			remoteGlobalIDString = 25B598D91C307BDC00A11412;
			remoteInfo = SeedsInTheConcrete;
		};
		25B598FA1C307BE800A11412 /* PBXContainerItemProxy */ = {
			isa = PBXContainerItemProxy;
			containerPortal = 25B598D21C307BDC00A11412 /* Project object */;
			proxyType = 1;
			remoteGlobalIDString = 25B598D91C307BDC00A11412;
			remoteInfo = SeedsInTheConcrete;
		};
/* End PBXContainerItemProxy section */

/* Begin PBXFileReference section */
		256457501C3386E2009FAD8C /* SeedsInTheConcrete-Bridging-Header.h */ = {isa = PBXFileReference; lastKnownFileType = sourcecode.c.h; path = "SeedsInTheConcrete-Bridging-Header.h"; sourceTree = "<group>"; };
		256457561C3392E1009FAD8C /* MenuController.swift */ = {isa = PBXFileReference; fileEncoding = 4; lastKnownFileType = sourcecode.swift; path = MenuController.swift; sourceTree = "<group>"; };
		25775A971C4B17690036A759 /* SWRevealViewController.h */ = {isa = PBXFileReference; lastKnownFileType = sourcecode.c.h; name = SWRevealViewController.h; path = ../SWRevealViewController.h; sourceTree = "<group>"; };
		25775A981C4B17C40036A759 /* SWRevealViewController.m */ = {isa = PBXFileReference; fileEncoding = 4; lastKnownFileType = sourcecode.c.objc; name = SWRevealViewController.m; path = ../SWRevealViewController.m; sourceTree = "<group>"; };
		25994FC11C44C56500D30030 /* Assets.xcassets */ = {isa = PBXFileReference; lastKnownFileType = folder.assetcatalog; path = Assets.xcassets; sourceTree = "<group>"; };
		25A6B36E1C38BEB800776123 /* HomeTableViewController.swift */ = {isa = PBXFileReference; fileEncoding = 4; lastKnownFileType = sourcecode.swift; path = HomeTableViewController.swift; sourceTree = "<group>"; };
		25A6B3701C38C8AA00776123 /* MenuTableViewController.swift */ = {isa = PBXFileReference; fileEncoding = 4; lastKnownFileType = sourcecode.swift; path = MenuTableViewController.swift; sourceTree = "<group>"; };
		25B598DA1C307BDC00A11412 /* SeedsInTheConcrete.app */ = {isa = PBXFileReference; explicitFileType = wrapper.application; includeInIndex = 0; path = SeedsInTheConcrete.app; sourceTree = BUILT_PRODUCTS_DIR; };
		25B598DD1C307BDC00A11412 /* AppDelegate.swift */ = {isa = PBXFileReference; lastKnownFileType = sourcecode.swift; path = AppDelegate.swift; sourceTree = "<group>"; };
		25B598DF1C307BDC00A11412 /* ViewController.swift */ = {isa = PBXFileReference; lastKnownFileType = sourcecode.swift; path = ViewController.swift; sourceTree = "<group>"; };
		25B598E21C307BDC00A11412 /* Base */ = {isa = PBXFileReference; lastKnownFileType = file.storyboard; name = Base; path = Base.lproj/Main.storyboard; sourceTree = "<group>"; };
		25B598E71C307BDC00A11412 /* Base */ = {isa = PBXFileReference; lastKnownFileType = file.storyboard; name = Base; path = Base.lproj/LaunchScreen.storyboard; sourceTree = "<group>"; };
		25B598E91C307BDC00A11412 /* Info.plist */ = {isa = PBXFileReference; lastKnownFileType = text.plist.xml; path = Info.plist; sourceTree = "<group>"; };
		25B598EE1C307BE300A11412 /* SeedsInTheConcreteTests.xctest */ = {isa = PBXFileReference; explicitFileType = wrapper.cfbundle; includeInIndex = 0; path = SeedsInTheConcreteTests.xctest; sourceTree = BUILT_PRODUCTS_DIR; };
		25B598F21C307BE300A11412 /* SeedsInTheConcreteTests.swift */ = {isa = PBXFileReference; lastKnownFileType = sourcecode.swift; path = SeedsInTheConcreteTests.swift; sourceTree = "<group>"; };
		25B598F41C307BE300A11412 /* Info.plist */ = {isa = PBXFileReference; lastKnownFileType = text.plist.xml; path = Info.plist; sourceTree = "<group>"; };
		25B598F91C307BE800A11412 /* SeedsInTheConcreteUITests.xctest */ = {isa = PBXFileReference; explicitFileType = wrapper.cfbundle; includeInIndex = 0; path = SeedsInTheConcreteUITests.xctest; sourceTree = BUILT_PRODUCTS_DIR; };
		25B598FD1C307BE800A11412 /* SeedsInTheConcreteUITests.swift */ = {isa = PBXFileReference; lastKnownFileType = sourcecode.swift; path = SeedsInTheConcreteUITests.swift; sourceTree = "<group>"; };
		25B598FF1C307BE800A11412 /* Info.plist */ = {isa = PBXFileReference; lastKnownFileType = text.plist.xml; path = Info.plist; sourceTree = "<group>"; };
		25B5990B1C30BD7900A11412 /* SignUpViewController.swift */ = {isa = PBXFileReference; fileEncoding = 4; lastKnownFileType = sourcecode.swift; path = SignUpViewController.swift; sourceTree = "<group>"; };
		25B5990D1C30BD8800A11412 /* LogInViewController.swift */ = {isa = PBXFileReference; fileEncoding = 4; lastKnownFileType = sourcecode.swift; path = LogInViewController.swift; sourceTree = "<group>"; };
		25B5994F1C30D71E00A11412 /* PageContentViewController.swift */ = {isa = PBXFileReference; fileEncoding = 4; lastKnownFileType = sourcecode.swift; path = PageContentViewController.swift; sourceTree = "<group>"; };
		25B599511C30EE4D00A11412 /* PageViewController.swift */ = {isa = PBXFileReference; fileEncoding = 4; lastKnownFileType = sourcecode.swift; path = PageViewController.swift; sourceTree = "<group>"; };
		25B599531C30F5AE00A11412 /* RestaurantTableViewController.swift */ = {isa = PBXFileReference; fileEncoding = 4; lastKnownFileType = sourcecode.swift; path = RestaurantTableViewController.swift; sourceTree = "<group>"; };
/* End PBXFileReference section */

/* Begin PBXFrameworksBuildPhase section */
		25B598D71C307BDC00A11412 /* Frameworks */ = {
			isa = PBXFrameworksBuildPhase;
			buildActionMask = 2147483647;
			files = (
			);
			runOnlyForDeploymentPostprocessing = 0;
		};
		25B598EB1C307BE300A11412 /* Frameworks */ = {
			isa = PBXFrameworksBuildPhase;
			buildActionMask = 2147483647;
			files = (
			);
			runOnlyForDeploymentPostprocessing = 0;
		};
		25B598F61C307BE800A11412 /* Frameworks */ = {
			isa = PBXFrameworksBuildPhase;
			buildActionMask = 2147483647;
			files = (
			);
			runOnlyForDeploymentPostprocessing = 0;
		};
/* End PBXFrameworksBuildPhase section */

/* Begin PBXGroup section */
		256457541C339240009FAD8C /* LogIn&SignUp */ = {
			isa = PBXGroup;
			children = (
				25B5990B1C30BD7900A11412 /* SignUpViewController.swift */,
				25B5990D1C30BD8800A11412 /* LogInViewController.swift */,
			);
			name = "LogIn&SignUp";
			sourceTree = "<group>";
		};
		256457551C33925B009FAD8C /* Slides */ = {
			isa = PBXGroup;
			children = (
				25B5994F1C30D71E00A11412 /* PageContentViewController.swift */,
				25B599511C30EE4D00A11412 /* PageViewController.swift */,
				25B599531C30F5AE00A11412 /* RestaurantTableViewController.swift */,
			);
			name = Slides;
			sourceTree = "<group>";
		};
		25B598D11C307BDC00A11412 = {
			isa = PBXGroup;
			children = (
				25B598DC1C307BDC00A11412 /* SeedsInTheConcrete */,
				25B598F11C307BE300A11412 /* SeedsInTheConcreteTests */,
				25B598FC1C307BE800A11412 /* SeedsInTheConcreteUITests */,
				25B598DB1C307BDC00A11412 /* Products */,
			);
			sourceTree = "<group>";
		};
		25B598DB1C307BDC00A11412 /* Products */ = {
			isa = PBXGroup;
			children = (
				25B598DA1C307BDC00A11412 /* SeedsInTheConcrete.app */,
				25B598EE1C307BE300A11412 /* SeedsInTheConcreteTests.xctest */,
				25B598F91C307BE800A11412 /* SeedsInTheConcreteUITests.xctest */,
			);
			name = Products;
			sourceTree = "<group>";
		};
		25B598DC1C307BDC00A11412 /* SeedsInTheConcrete */ = {
			isa = PBXGroup;
			children = (
				25775A971C4B17690036A759 /* SWRevealViewController.h */,
				25775A981C4B17C40036A759 /* SWRevealViewController.m */,
				256457501C3386E2009FAD8C /* SeedsInTheConcrete-Bridging-Header.h */,
				25B598DD1C307BDC00A11412 /* AppDelegate.swift */,
				25B598DF1C307BDC00A11412 /* ViewController.swift */,
				256457541C339240009FAD8C /* LogIn&SignUp */,
				256457551C33925B009FAD8C /* Slides */,
				256457561C3392E1009FAD8C /* MenuController.swift */,
				25A6B3701C38C8AA00776123 /* MenuTableViewController.swift */,
				25A6B36E1C38BEB800776123 /* HomeTableViewController.swift */,
				25B598E11C307BDC00A11412 /* Main.storyboard */,
				25B598E61C307BDC00A11412 /* LaunchScreen.storyboard */,
				25B598E91C307BDC00A11412 /* Info.plist */,
				25994FC11C44C56500D30030 /* Assets.xcassets */,
			);
			path = SeedsInTheConcrete;
			sourceTree = "<group>";
		};
		25B598F11C307BE300A11412 /* SeedsInTheConcreteTests */ = {
			isa = PBXGroup;
			children = (
				25B598F21C307BE300A11412 /* SeedsInTheConcreteTests.swift */,
				25B598F41C307BE300A11412 /* Info.plist */,
			);
			path = SeedsInTheConcreteTests;
			sourceTree = "<group>";
		};
		25B598FC1C307BE800A11412 /* SeedsInTheConcreteUITests */ = {
			isa = PBXGroup;
			children = (
				25B598FD1C307BE800A11412 /* SeedsInTheConcreteUITests.swift */,
				25B598FF1C307BE800A11412 /* Info.plist */,
			);
			path = SeedsInTheConcreteUITests;
			sourceTree = "<group>";
		};
/* End PBXGroup section */

/* Begin PBXNativeTarget section */
		25B598D91C307BDC00A11412 /* SeedsInTheConcrete */ = {
			isa = PBXNativeTarget;
			buildConfigurationList = 25B599021C307BE800A11412 /* Build configuration list for PBXNativeTarget "SeedsInTheConcrete" */;
			buildPhases = (
				25B598D61C307BDC00A11412 /* Sources */,
				25B598D71C307BDC00A11412 /* Frameworks */,
				25B598D81C307BDC00A11412 /* Resources */,
			);
			buildRules = (
			);
			dependencies = (
			);
			name = SeedsInTheConcrete;
			productName = SeedsInTheConcrete;
			productReference = 25B598DA1C307BDC00A11412 /* SeedsInTheConcrete.app */;
			productType = "com.apple.product-type.application";
		};
		25B598ED1C307BE300A11412 /* SeedsInTheConcreteTests */ = {
			isa = PBXNativeTarget;
			buildConfigurationList = 25B599051C307BE800A11412 /* Build configuration list for PBXNativeTarget "SeedsInTheConcreteTests" */;
			buildPhases = (
				25B598EA1C307BE300A11412 /* Sources */,
				25B598EB1C307BE300A11412 /* Frameworks */,
				25B598EC1C307BE300A11412 /* Resources */,
			);
			buildRules = (
			);
			dependencies = (
				25B598F01C307BE300A11412 /* PBXTargetDependency */,
			);
			name = SeedsInTheConcreteTests;
			productName = SeedsInTheConcreteTests;
			productReference = 25B598EE1C307BE300A11412 /* SeedsInTheConcreteTests.xctest */;
			productType = "com.apple.product-type.bundle.unit-test";
		};
		25B598F81C307BE800A11412 /* SeedsInTheConcreteUITests */ = {
			isa = PBXNativeTarget;
			buildConfigurationList = 25B599081C307BE800A11412 /* Build configuration list for PBXNativeTarget "SeedsInTheConcreteUITests" */;
			buildPhases = (
				25B598F51C307BE800A11412 /* Sources */,
				25B598F61C307BE800A11412 /* Frameworks */,
				25B598F71C307BE800A11412 /* Resources */,
			);
			buildRules = (
			);
			dependencies = (
				25B598FB1C307BE800A11412 /* PBXTargetDependency */,
			);
			name = SeedsInTheConcreteUITests;
			productName = SeedsInTheConcreteUITests;
			productReference = 25B598F91C307BE800A11412 /* SeedsInTheConcreteUITests.xctest */;
			productType = "com.apple.product-type.bundle.ui-testing";
		};
/* End PBXNativeTarget section */

/* Begin PBXProject section */
		25B598D21C307BDC00A11412 /* Project object */ = {
			isa = PBXProject;
			attributes = {
				LastSwiftUpdateCheck = 0720;
				LastUpgradeCheck = 0720;
				ORGANIZATIONNAME = "Kenny Batista";
				TargetAttributes = {
					25B598D91C307BDC00A11412 = {
						CreatedOnToolsVersion = 7.2;
					};
					25B598ED1C307BE300A11412 = {
						CreatedOnToolsVersion = 7.2;
						TestTargetID = 25B598D91C307BDC00A11412;
					};
					25B598F81C307BE800A11412 = {
						CreatedOnToolsVersion = 7.2;
						TestTargetID = 25B598D91C307BDC00A11412;
					};
				};
			};
			buildConfigurationList = 25B598D51C307BDC00A11412 /* Build configuration list for PBXProject "SeedsInTheConcrete" */;
			compatibilityVersion = "Xcode 3.2";
			developmentRegion = English;
			hasScannedForEncodings = 0;
			knownRegions = (
				en,
				Base,
			);
			mainGroup = 25B598D11C307BDC00A11412;
			productRefGroup = 25B598DB1C307BDC00A11412 /* Products */;
			projectDirPath = "";
			projectRoot = "";
			targets = (
				25B598D91C307BDC00A11412 /* SeedsInTheConcrete */,
				25B598ED1C307BE300A11412 /* SeedsInTheConcreteTests */,
				25B598F81C307BE800A11412 /* SeedsInTheConcreteUITests */,
			);
		};
/* End PBXProject section */

/* Begin PBXResourcesBuildPhase section */
		25B598D81C307BDC00A11412 /* Resources */ = {
			isa = PBXResourcesBuildPhase;
			buildActionMask = 2147483647;
			files = (
				25B598E81C307BDC00A11412 /* LaunchScreen.storyboard in Resources */,
				25994FC21C44C56500D30030 /* Assets.xcassets in Resources */,
				25B598E31C307BDC00A11412 /* Main.storyboard in Resources */,
			);
			runOnlyForDeploymentPostprocessing = 0;
		};
		25B598EC1C307BE300A11412 /* Resources */ = {
			isa = PBXResourcesBuildPhase;
			buildActionMask = 2147483647;
			files = (
			);
			runOnlyForDeploymentPostprocessing = 0;
		};
		25B598F71C307BE800A11412 /* Resources */ = {
			isa = PBXResourcesBuildPhase;
			buildActionMask = 2147483647;
			files = (
			);
			runOnlyForDeploymentPostprocessing = 0;
		};
/* End PBXResourcesBuildPhase section */

/* Begin PBXSourcesBuildPhase section */
		25B598D61C307BDC00A11412 /* Sources */ = {
			isa = PBXSourcesBuildPhase;
			buildActionMask = 2147483647;
			files = (
				256457571C3392E1009FAD8C /* MenuController.swift in Sources */,
				25B5990E1C30BD8800A11412 /* LogInViewController.swift in Sources */,
				25A6B3711C38C8AA00776123 /* MenuTableViewController.swift in Sources */,
				25B5990C1C30BD7900A11412 /* SignUpViewController.swift in Sources */,
				25B599541C30F5AE00A11412 /* RestaurantTableViewController.swift in Sources */,
				25A6B36F1C38BEB800776123 /* HomeTableViewController.swift in Sources */,
				25B599501C30D71E00A11412 /* PageContentViewController.swift in Sources */,
				25B599521C30EE4D00A11412 /* PageViewController.swift in Sources */,
				25775A991C4B17C40036A759 /* SWRevealViewController.m in Sources */,
				25B598E01C307BDC00A11412 /* ViewController.swift in Sources */,
				25B598DE1C307BDC00A11412 /* AppDelegate.swift in Sources */,
			);
			runOnlyForDeploymentPostprocessing = 0;
		};
		25B598EA1C307BE300A11412 /* Sources */ = {
			isa = PBXSourcesBuildPhase;
			buildActionMask = 2147483647;
			files = (
				25B598F31C307BE300A11412 /* SeedsInTheConcreteTests.swift in Sources */,
			);
			runOnlyForDeploymentPostprocessing = 0;
		};
		25B598F51C307BE800A11412 /* Sources */ = {
			isa = PBXSourcesBuildPhase;
			buildActionMask = 2147483647;
			files = (
				25B598FE1C307BE800A11412 /* SeedsInTheConcreteUITests.swift in Sources */,
			);
			runOnlyForDeploymentPostprocessing = 0;
		};
/* End PBXSourcesBuildPhase section */

/* Begin PBXTargetDependency section */
		25B598F01C307BE300A11412 /* PBXTargetDependency */ = {
			isa = PBXTargetDependency;
			target = 25B598D91C307BDC00A11412 /* SeedsInTheConcrete */;
			targetProxy = 25B598EF1C307BE300A11412 /* PBXContainerItemProxy */;
		};
		25B598FB1C307BE800A11412 /* PBXTargetDependency */ = {
			isa = PBXTargetDependency;
			target = 25B598D91C307BDC00A11412 /* SeedsInTheConcrete */;
			targetProxy = 25B598FA1C307BE800A11412 /* PBXContainerItemProxy */;
		};
/* End PBXTargetDependency section */

/* Begin PBXVariantGroup section */
		25B598E11C307BDC00A11412 /* Main.storyboard */ = {
			isa = PBXVariantGroup;
			children = (
				25B598E21C307BDC00A11412 /* Base */,
			);
			name = Main.storyboard;
			sourceTree = "<group>";
		};
		25B598E61C307BDC00A11412 /* LaunchScreen.storyboard */ = {
			isa = PBXVariantGroup;
			children = (
				25B598E71C307BDC00A11412 /* Base */,
			);
			name = LaunchScreen.storyboard;
			sourceTree = "<group>";
		};
/* End PBXVariantGroup section */

/* Begin XCBuildConfiguration section */
		25B599001C307BE800A11412 /* Debug */ = {
			isa = XCBuildConfiguration;
			buildSettings = {
				ALWAYS_SEARCH_USER_PATHS = NO;
				CLANG_CXX_LANGUAGE_STANDARD = "gnu++0x";
				CLANG_CXX_LIBRARY = "libc++";
				CLANG_ENABLE_MODULES = YES;
				CLANG_ENABLE_OBJC_ARC = YES;
				CLANG_WARN_BOOL_CONVERSION = YES;
				CLANG_WARN_CONSTANT_CONVERSION = YES;
				CLANG_WARN_DIRECT_OBJC_ISA_USAGE = YES_ERROR;
				CLANG_WARN_EMPTY_BODY = YES;
				CLANG_WARN_ENUM_CONVERSION = YES;
				CLANG_WARN_INT_CONVERSION = YES;
				CLANG_WARN_OBJC_ROOT_CLASS = YES_ERROR;
				CLANG_WARN_UNREACHABLE_CODE = YES;
				CLANG_WARN__DUPLICATE_METHOD_MATCH = YES;
				"CODE_SIGN_IDENTITY[sdk=iphoneos*]" = "iPhone Developer";
				COPY_PHASE_STRIP = NO;
				DEBUG_INFORMATION_FORMAT = dwarf;
				ENABLE_STRICT_OBJC_MSGSEND = YES;
				ENABLE_TESTABILITY = YES;
				GCC_C_LANGUAGE_STANDARD = gnu99;
				GCC_DYNAMIC_NO_PIC = NO;
				GCC_NO_COMMON_BLOCKS = YES;
				GCC_OPTIMIZATION_LEVEL = 0;
				GCC_PREPROCESSOR_DEFINITIONS = (
					"DEBUG=1",
					"$(inherited)",
				);
				GCC_WARN_64_TO_32_BIT_CONVERSION = YES;
				GCC_WARN_ABOUT_RETURN_TYPE = YES_ERROR;
				GCC_WARN_UNDECLARED_SELECTOR = YES;
				GCC_WARN_UNINITIALIZED_AUTOS = YES_AGGRESSIVE;
				GCC_WARN_UNUSED_FUNCTION = YES;
				GCC_WARN_UNUSED_VARIABLE = YES;
				IPHONEOS_DEPLOYMENT_TARGET = 9.2;
				MTL_ENABLE_DEBUG_INFO = YES;
				ONLY_ACTIVE_ARCH = YES;
				SDKROOT = iphoneos;
				SWIFT_OPTIMIZATION_LEVEL = "-Onone";
				TARGETED_DEVICE_FAMILY = "1,2";
			};
			name = Debug;
		};
		25B599011C307BE800A11412 /* Release */ = {
			isa = XCBuildConfiguration;
			buildSettings = {
				ALWAYS_SEARCH_USER_PATHS = NO;
				CLANG_CXX_LANGUAGE_STANDARD = "gnu++0x";
				CLANG_CXX_LIBRARY = "libc++";
				CLANG_ENABLE_MODULES = YES;
				CLANG_ENABLE_OBJC_ARC = YES;
				CLANG_WARN_BOOL_CONVERSION = YES;
				CLANG_WARN_CONSTANT_CONVERSION = YES;
				CLANG_WARN_DIRECT_OBJC_ISA_USAGE = YES_ERROR;
				CLANG_WARN_EMPTY_BODY = YES;
				CLANG_WARN_ENUM_CONVERSION = YES;
				CLANG_WARN_INT_CONVERSION = YES;
				CLANG_WARN_OBJC_ROOT_CLASS = YES_ERROR;
				CLANG_WARN_UNREACHABLE_CODE = YES;
				CLANG_WARN__DUPLICATE_METHOD_MATCH = YES;
				"CODE_SIGN_IDENTITY[sdk=iphoneos*]" = "iPhone Developer";
				COPY_PHASE_STRIP = NO;
				DEBUG_INFORMATION_FORMAT = "dwarf-with-dsym";
				ENABLE_NS_ASSERTIONS = NO;
				ENABLE_STRICT_OBJC_MSGSEND = YES;
				GCC_C_LANGUAGE_STANDARD = gnu99;
				GCC_NO_COMMON_BLOCKS = YES;
				GCC_WARN_64_TO_32_BIT_CONVERSION = YES;
				GCC_WARN_ABOUT_RETURN_TYPE = YES_ERROR;
				GCC_WARN_UNDECLARED_SELECTOR = YES;
				GCC_WARN_UNINITIALIZED_AUTOS = YES_AGGRESSIVE;
				GCC_WARN_UNUSED_FUNCTION = YES;
				GCC_WARN_UNUSED_VARIABLE = YES;
				IPHONEOS_DEPLOYMENT_TARGET = 9.2;
				MTL_ENABLE_DEBUG_INFO = NO;
				SDKROOT = iphoneos;
				TARGETED_DEVICE_FAMILY = "1,2";
				VALIDATE_PRODUCT = YES;
			};
			name = Release;
		};
		25B599031C307BE800A11412 /* Debug */ = {
			isa = XCBuildConfiguration;
			buildSettings = {
				ASSETCATALOG_COMPILER_APPICON_NAME = AppIcon;
				CLANG_ENABLE_MODULES = YES;
				INFOPLIST_FILE = SeedsInTheConcrete/Info.plist;
				IPHONEOS_DEPLOYMENT_TARGET = 9.1;
				LD_RUNPATH_SEARCH_PATHS = "$(inherited) @executable_path/Frameworks";
				PRODUCT_BUNDLE_IDENTIFIER = KenTaps.SeedsInTheConcrete;
				PRODUCT_NAME = "$(TARGET_NAME)";
				SWIFT_OBJC_BRIDGING_HEADER = "SeedsInTheConcrete/SeedsInTheConcrete-Bridging-Header.h";
				SWIFT_OPTIMIZATION_LEVEL = "-Onone";
			};
			name = Debug;
		};
		25B599041C307BE800A11412 /* Release */ = {
			isa = XCBuildConfiguration;
			buildSettings = {
				ASSETCATALOG_COMPILER_APPICON_NAME = AppIcon;
				CLANG_ENABLE_MODULES = YES;
				INFOPLIST_FILE = SeedsInTheConcrete/Info.plist;
				IPHONEOS_DEPLOYMENT_TARGET = 9.1;
				LD_RUNPATH_SEARCH_PATHS = "$(inherited) @executable_path/Frameworks";
				PRODUCT_BUNDLE_IDENTIFIER = KenTaps.SeedsInTheConcrete;
				PRODUCT_NAME = "$(TARGET_NAME)";
				SWIFT_OBJC_BRIDGING_HEADER = "SeedsInTheConcrete/SeedsInTheConcrete-Bridging-Header.h";
			};
			name = Release;
		};
		25B599061C307BE800A11412 /* Debug */ = {
			isa = XCBuildConfiguration;
			buildSettings = {
				BUNDLE_LOADER = "$(TEST_HOST)";
				INFOPLIST_FILE = SeedsInTheConcreteTests/Info.plist;
				LD_RUNPATH_SEARCH_PATHS = "$(inherited) @executable_path/Frameworks @loader_path/Frameworks";
				PRODUCT_BUNDLE_IDENTIFIER = KenTaps.SeedsInTheConcreteTests;
				PRODUCT_NAME = "$(TARGET_NAME)";
				TEST_HOST = "$(BUILT_PRODUCTS_DIR)/SeedsInTheConcrete.app/SeedsInTheConcrete";
			};
			name = Debug;
		};
		25B599071C307BE800A11412 /* Release */ = {
			isa = XCBuildConfiguration;
			buildSettings = {
				BUNDLE_LOADER = "$(TEST_HOST)";
				INFOPLIST_FILE = SeedsInTheConcreteTests/Info.plist;
				LD_RUNPATH_SEARCH_PATHS = "$(inherited) @executable_path/Frameworks @loader_path/Frameworks";
				PRODUCT_BUNDLE_IDENTIFIER = KenTaps.SeedsInTheConcreteTests;
				PRODUCT_NAME = "$(TARGET_NAME)";
				TEST_HOST = "$(BUILT_PRODUCTS_DIR)/SeedsInTheConcrete.app/SeedsInTheConcrete";
			};
			name = Release;
		};
		25B599091C307BE800A11412 /* Debug */ = {
			isa = XCBuildConfiguration;
			buildSettings = {
				INFOPLIST_FILE = SeedsInTheConcreteUITests/Info.plist;
				LD_RUNPATH_SEARCH_PATHS = "$(inherited) @executable_path/Frameworks @loader_path/Frameworks";
				PRODUCT_BUNDLE_IDENTIFIER = KenTaps.SeedsInTheConcreteUITests;
				PRODUCT_NAME = "$(TARGET_NAME)";
				TEST_TARGET_NAME = SeedsInTheConcrete;
				USES_XCTRUNNER = YES;
			};
			name = Debug;
		};
		25B5990A1C307BE800A11412 /* Release */ = {
			isa = XCBuildConfiguration;
			buildSettings = {
				INFOPLIST_FILE = SeedsInTheConcreteUITests/Info.plist;
				LD_RUNPATH_SEARCH_PATHS = "$(inherited) @executable_path/Frameworks @loader_path/Frameworks";
				PRODUCT_BUNDLE_IDENTIFIER = KenTaps.SeedsInTheConcreteUITests;
				PRODUCT_NAME = "$(TARGET_NAME)";
				TEST_TARGET_NAME = SeedsInTheConcrete;
				USES_XCTRUNNER = YES;
			};
			name = Release;
		};
/* End XCBuildConfiguration section */

/* Begin XCConfigurationList section */
		25B598D51C307BDC00A11412 /* Build configuration list for PBXProject "SeedsInTheConcrete" */ = {
			isa = XCConfigurationList;
			buildConfigurations = (
				25B599001C307BE800A11412 /* Debug */,
				25B599011C307BE800A11412 /* Release */,
			);
			defaultConfigurationIsVisible = 0;
			defaultConfigurationName = Release;
		};
		25B599021C307BE800A11412 /* Build configuration list for PBXNativeTarget "SeedsInTheConcrete" */ = {
			isa = XCConfigurationList;
			buildConfigurations = (
				25B599031C307BE800A11412 /* Debug */,
				25B599041C307BE800A11412 /* Release */,
			);
			defaultConfigurationIsVisible = 0;
			defaultConfigurationName = Release;
		};
		25B599051C307BE800A11412 /* Build configuration list for PBXNativeTarget "SeedsInTheConcreteTests" */ = {
			isa = XCConfigurationList;
			buildConfigurations = (
				25B599061C307BE800A11412 /* Debug */,
				25B599071C307BE800A11412 /* Release */,
			);
			defaultConfigurationIsVisible = 0;
			defaultConfigurationName = Release;
		};
		25B599081C307BE800A11412 /* Build configuration list for PBXNativeTarget "SeedsInTheConcreteUITests" */ = {
			isa = XCConfigurationList;
			buildConfigurations = (
				25B599091C307BE800A11412 /* Debug */,
				25B5990A1C307BE800A11412 /* Release */,
			);
			defaultConfigurationIsVisible = 0;
			defaultConfigurationName = Release;
		};
/* End XCConfigurationList section */
	};
	rootObject = 25B598D21C307BDC00A11412 /* Project object */;
}
